<?xml version="1.0" encoding="utf-8"?>
<Project ToolsVersion="4.0" xmlns="http://schemas.microsoft.com/developer/msbuild/2003">
  <ItemGroup>
    <Filter Include="Source Files">
      <UniqueIdentifier>{4FC737F1-C7A5-4376-A066-2A32D752A2FF}</UniqueIdentifier>
      <Extensions>cpp;c;cc;cxx;c++;cppm;ixx;def;odl;idl;hpj;bat;asm;asmx</Extensions>
    </Filter>
    <Filter Include="Header Files">
      <UniqueIdentifier>{93995380-89BD-4b04-88EB-625FBE52EBFB}</UniqueIdentifier>
      <Extensions>h;hh;hpp;hxx;h++;hm;inl;inc;ipp;xsd</Extensions>
    </Filter>
    <Filter Include="Controllers">
      <UniqueIdentifier>{7514bf1a-fa07-4b3e-9767-51864c0e715c}</UniqueIdentifier>
    </Filter>
    <Filter Include="Controllers\Headers">
      <UniqueIdentifier>{ee96458d-54f9-4db4-a975-68c54d55ba8d}</UniqueIdentifier>
    </Filter>
    <Filter Include="Controllers\Class">
      <UniqueIdentifier>{9645bb06-4f6d-4737-9602-cf98bd59c506}</UniqueIdentifier>
    </Filter>
    <Filter Include="Classes">
      <UniqueIdentifier>{64fd3bdd-7415-4529-8936-fcab432c6cbf}</UniqueIdentifier>
    </Filter>
  </ItemGroup>
  <ItemGroup>
    <ClCompile Include="Main.cpp">
      <Filter>Source Files</Filter>
    </ClCompile>
    <ClCompile Include="GameController.cpp">
      <Filter>Controllers\Class</Filter>
    </ClCompile>
    <ClCompile Include="WorldController.cpp">
      <Filter>Controllers\Class</Filter>
    </ClCompile>
    <ClCompile Include="InputController.cpp">
      <Filter>Controllers\Class</Filter>
    </ClCompile>
    <ClCompile Include="Player.cpp">
      <Filter>Classes</Filter>
    </ClCompile>
  </ItemGroup>
  <ItemGroup>
    <ClInclude Include="GameController.h">
      <Filter>Controllers\Headers</Filter>
    </ClInclude>
    <ClInclude Include="WorldController.h">
      <Filter>Controllers\Headers</Filter>
    </ClInclude>
    <ClInclude Include="FastNoiseLite.h">
      <Filter>Source Files</Filter>
    </ClInclude>
    <ClInclude Include="InputController.h">
      <Filter>Controllers\Headers</Filter>
    </ClInclude>
    <ClInclude Include="Player.h">
      <Filter>Header Files</Filter>
    </ClInclude>
  </ItemGroup>
</Project>